// !$*UTF8*$!
{
	archiveVersion = 1;
	classes = {
	};
	objectVersion = 55;
	objects = {

/* Begin PBXBuildFile section */
		D4366E0F28C53DA000FABCF7 /* MusicProgressView.swift in Sources */ = {isa = PBXBuildFile; fileRef = D4366E0E28C53DA000FABCF7 /* MusicProgressView.swift */; };
		D4366E1128C551C600FABCF7 /* TimeInterval+Extension.swift in Sources */ = {isa = PBXBuildFile; fileRef = D4366E1028C551C600FABCF7 /* TimeInterval+Extension.swift */; };
		D4366E1328C55C8400FABCF7 /* CacheManager.swift in Sources */ = {isa = PBXBuildFile; fileRef = D4366E1228C55C8400FABCF7 /* CacheManager.swift */; };
		D4366E1728C56DA200FABCF7 /* LoadingView.swift in Sources */ = {isa = PBXBuildFile; fileRef = D4366E1628C56DA200FABCF7 /* LoadingView.swift */; };
		D48E336528C3F8E500C624A1 /* SongListView.swift in Sources */ = {isa = PBXBuildFile; fileRef = D48E336428C3F8E500C624A1 /* SongListView.swift */; };
		D48E336928C3FF1600C624A1 /* MusicPlayerViewModel.swift in Sources */ = {isa = PBXBuildFile; fileRef = D48E336828C3FF1600C624A1 /* MusicPlayerViewModel.swift */; };
		D4B9E41028C3D93F0040BFE4 /* Favorites.swift in Sources */ = {isa = PBXBuildFile; fileRef = D4B9E40F28C3D93F0040BFE4 /* Favorites.swift */; };
		D4B9E41228C3DE1A0040BFE4 /* CodableBundleExtension.swift in Sources */ = {isa = PBXBuildFile; fileRef = D4B9E41128C3DE1A0040BFE4 /* CodableBundleExtension.swift */; };
		D4B9E41428C3DEDC0040BFE4 /* Color+Extension.swift in Sources */ = {isa = PBXBuildFile; fileRef = D4B9E41328C3DEDC0040BFE4 /* Color+Extension.swift */; };
		D4B9E41828C3DF240040BFE4 /* CategorySongsView.swift in Sources */ = {isa = PBXBuildFile; fileRef = D4B9E41728C3DF240040BFE4 /* CategorySongsView.swift */; };
		D4B9E41A28C3E3620040BFE4 /* MusicPlayer.swift in Sources */ = {isa = PBXBuildFile; fileRef = D4B9E41928C3E3620040BFE4 /* MusicPlayer.swift */; };
		D4C5EAF828BE9DF50066D229 /* NatureSoundsApp.swift in Sources */ = {isa = PBXBuildFile; fileRef = D4C5EAF728BE9DF50066D229 /* NatureSoundsApp.swift */; };
		D4C5EAFA28BE9DF50066D229 /* ContentView.swift in Sources */ = {isa = PBXBuildFile; fileRef = D4C5EAF928BE9DF50066D229 /* ContentView.swift */; };
		D4C5EAFC28BE9DF80066D229 /* Assets.xcassets in Resources */ = {isa = PBXBuildFile; fileRef = D4C5EAFB28BE9DF80066D229 /* Assets.xcassets */; };
		D4C5EAFF28BE9DF80066D229 /* Preview Assets.xcassets in Resources */ = {isa = PBXBuildFile; fileRef = D4C5EAFE28BE9DF80066D229 /* Preview Assets.xcassets */; };
		D4C5EB0628C14E870066D229 /* songs.json in Resources */ = {isa = PBXBuildFile; fileRef = D4C5EB0528C14E870066D229 /* songs.json */; };
		D4C5EB0F28C14EEB0066D229 /* Constants.swift in Sources */ = {isa = PBXBuildFile; fileRef = D4C5EB0E28C14EEB0066D229 /* Constants.swift */; };
		D4C5EB1328C14F450066D229 /* HomeView.swift in Sources */ = {isa = PBXBuildFile; fileRef = D4C5EB1228C14F450066D229 /* HomeView.swift */; };
		D4C5EB1728C152410066D229 /* Categories.swift in Sources */ = {isa = PBXBuildFile; fileRef = D4C5EB1628C152410066D229 /* Categories.swift */; };
		D4C5EB1D28C1540D0066D229 /* MainTitleView.swift in Sources */ = {isa = PBXBuildFile; fileRef = D4C5EB1C28C1540D0066D229 /* MainTitleView.swift */; };
		D4C5EB1F28C1554D0066D229 /* HeroImageView.swift in Sources */ = {isa = PBXBuildFile; fileRef = D4C5EB1E28C1554D0066D229 /* HeroImageView.swift */; };
		D4C5EB2128C159310066D229 /* CategoryCard.swift in Sources */ = {isa = PBXBuildFile; fileRef = D4C5EB2028C159310066D229 /* CategoryCard.swift */; };
		D4C5EB2328C159780066D229 /* RadnomCardView.swift in Sources */ = {isa = PBXBuildFile; fileRef = D4C5EB2228C159780066D229 /* RadnomCardView.swift */; };
		D4C5EB2528C15D290066D229 /* CategoriesListView.swift in Sources */ = {isa = PBXBuildFile; fileRef = D4C5EB2428C15D290066D229 /* CategoriesListView.swift */; };
		D4C5EB2728C160D10066D229 /* HomeViewModel.swift in Sources */ = {isa = PBXBuildFile; fileRef = D4C5EB2628C160D10066D229 /* HomeViewModel.swift */; };
		D4C5EB2D28C167BB0066D229 /* Util.swift in Sources */ = {isa = PBXBuildFile; fileRef = D4C5EB2C28C167BB0066D229 /* Util.swift */; };
		D4FA5CF728C7CD0C00421495 /* MusicDownloadManger.swift in Sources */ = {isa = PBXBuildFile; fileRef = D4FA5CF628C7CD0C00421495 /* MusicDownloadManger.swift */; };
		D4FA5CFB28C807EE00421495 /* Date+Extension.swift in Sources */ = {isa = PBXBuildFile; fileRef = D4FA5CFA28C807EE00421495 /* Date+Extension.swift */; };
/* End PBXBuildFile section */

/* Begin PBXFileReference section */
		D4366E0D28C5355300FABCF7 /* Info.plist */ = {isa = PBXFileReference; lastKnownFileType = text.plist; path = Info.plist; sourceTree = "<group>"; };
		D4366E0E28C53DA000FABCF7 /* MusicProgressView.swift */ = {isa = PBXFileReference; lastKnownFileType = sourcecode.swift; path = MusicProgressView.swift; sourceTree = "<group>"; };
		D4366E1028C551C600FABCF7 /* TimeInterval+Extension.swift */ = {isa = PBXFileReference; lastKnownFileType = sourcecode.swift; path = "TimeInterval+Extension.swift"; sourceTree = "<group>"; };
		D4366E1228C55C8400FABCF7 /* CacheManager.swift */ = {isa = PBXFileReference; lastKnownFileType = sourcecode.swift; path = CacheManager.swift; sourceTree = "<group>"; };
		D4366E1628C56DA200FABCF7 /* LoadingView.swift */ = {isa = PBXFileReference; lastKnownFileType = sourcecode.swift; path = LoadingView.swift; sourceTree = "<group>"; };
		D48E336428C3F8E500C624A1 /* SongListView.swift */ = {isa = PBXFileReference; lastKnownFileType = sourcecode.swift; path = SongListView.swift; sourceTree = "<group>"; };
		D48E336828C3FF1600C624A1 /* MusicPlayerViewModel.swift */ = {isa = PBXFileReference; lastKnownFileType = sourcecode.swift; path = MusicPlayerViewModel.swift; sourceTree = "<group>"; };
		D4B9E40F28C3D93F0040BFE4 /* Favorites.swift */ = {isa = PBXFileReference; lastKnownFileType = sourcecode.swift; path = Favorites.swift; sourceTree = "<group>"; };
		D4B9E41128C3DE1A0040BFE4 /* CodableBundleExtension.swift */ = {isa = PBXFileReference; lastKnownFileType = sourcecode.swift; path = CodableBundleExtension.swift; sourceTree = "<group>"; };
		D4B9E41328C3DEDC0040BFE4 /* Color+Extension.swift */ = {isa = PBXFileReference; lastKnownFileType = sourcecode.swift; path = "Color+Extension.swift"; sourceTree = "<group>"; };
		D4B9E41728C3DF240040BFE4 /* CategorySongsView.swift */ = {isa = PBXFileReference; lastKnownFileType = sourcecode.swift; path = CategorySongsView.swift; sourceTree = "<group>"; };
		D4B9E41928C3E3620040BFE4 /* MusicPlayer.swift */ = {isa = PBXFileReference; lastKnownFileType = sourcecode.swift; path = MusicPlayer.swift; sourceTree = "<group>"; };
		D4C5EAF428BE9DF50066D229 /* NatureSounds.app */ = {isa = PBXFileReference; explicitFileType = wrapper.application; includeInIndex = 0; path = NatureSounds.app; sourceTree = BUILT_PRODUCTS_DIR; };
		D4C5EAF728BE9DF50066D229 /* NatureSoundsApp.swift */ = {isa = PBXFileReference; lastKnownFileType = sourcecode.swift; path = NatureSoundsApp.swift; sourceTree = "<group>"; };
		D4C5EAF928BE9DF50066D229 /* ContentView.swift */ = {isa = PBXFileReference; lastKnownFileType = sourcecode.swift; path = ContentView.swift; sourceTree = "<group>"; };
		D4C5EAFB28BE9DF80066D229 /* Assets.xcassets */ = {isa = PBXFileReference; lastKnownFileType = folder.assetcatalog; path = Assets.xcassets; sourceTree = "<group>"; };
		D4C5EAFE28BE9DF80066D229 /* Preview Assets.xcassets */ = {isa = PBXFileReference; lastKnownFileType = folder.assetcatalog; path = "Preview Assets.xcassets"; sourceTree = "<group>"; };
		D4C5EB0528C14E870066D229 /* songs.json */ = {isa = PBXFileReference; fileEncoding = 4; lastKnownFileType = text.json; path = songs.json; sourceTree = "<group>"; };
		D4C5EB0E28C14EEB0066D229 /* Constants.swift */ = {isa = PBXFileReference; lastKnownFileType = sourcecode.swift; path = Constants.swift; sourceTree = "<group>"; };
		D4C5EB1228C14F450066D229 /* HomeView.swift */ = {isa = PBXFileReference; lastKnownFileType = sourcecode.swift; path = HomeView.swift; sourceTree = "<group>"; };
		D4C5EB1628C152410066D229 /* Categories.swift */ = {isa = PBXFileReference; lastKnownFileType = sourcecode.swift; path = Categories.swift; sourceTree = "<group>"; };
		D4C5EB1C28C1540D0066D229 /* MainTitleView.swift */ = {isa = PBXFileReference; lastKnownFileType = sourcecode.swift; path = MainTitleView.swift; sourceTree = "<group>"; };
		D4C5EB1E28C1554D0066D229 /* HeroImageView.swift */ = {isa = PBXFileReference; lastKnownFileType = sourcecode.swift; path = HeroImageView.swift; sourceTree = "<group>"; };
		D4C5EB2028C159310066D229 /* CategoryCard.swift */ = {isa = PBXFileReference; lastKnownFileType = sourcecode.swift; path = CategoryCard.swift; sourceTree = "<group>"; };
		D4C5EB2228C159780066D229 /* RadnomCardView.swift */ = {isa = PBXFileReference; lastKnownFileType = sourcecode.swift; path = RadnomCardView.swift; sourceTree = "<group>"; };
		D4C5EB2428C15D290066D229 /* CategoriesListView.swift */ = {isa = PBXFileReference; lastKnownFileType = sourcecode.swift; path = CategoriesListView.swift; sourceTree = "<group>"; };
		D4C5EB2628C160D10066D229 /* HomeViewModel.swift */ = {isa = PBXFileReference; lastKnownFileType = sourcecode.swift; path = HomeViewModel.swift; sourceTree = "<group>"; };
		D4C5EB2C28C167BB0066D229 /* Util.swift */ = {isa = PBXFileReference; lastKnownFileType = sourcecode.swift; path = Util.swift; sourceTree = "<group>"; };
		D4FA5CF628C7CD0C00421495 /* MusicDownloadManger.swift */ = {isa = PBXFileReference; lastKnownFileType = sourcecode.swift; path = MusicDownloadManger.swift; sourceTree = "<group>"; };
		D4FA5CFA28C807EE00421495 /* Date+Extension.swift */ = {isa = PBXFileReference; lastKnownFileType = sourcecode.swift; path = "Date+Extension.swift"; sourceTree = "<group>"; };
/* End PBXFileReference section */

/* Begin PBXFrameworksBuildPhase section */
		D4C5EAF128BE9DF50066D229 /* Frameworks */ = {
			isa = PBXFrameworksBuildPhase;
			buildActionMask = 2147483647;
			files = (
			);
			runOnlyForDeploymentPostprocessing = 0;
		};
/* End PBXFrameworksBuildPhase section */

/* Begin PBXGroup section */
		D4B9E40E28C3D9200040BFE4 /* Favorites */ = {
			isa = PBXGroup;
			children = (
				D4B9E40F28C3D93F0040BFE4 /* Favorites.swift */,
			);
			path = Favorites;
			sourceTree = "<group>";
		};
		D4B9E41528C3DEFD0040BFE4 /* Details */ = {
			isa = PBXGroup;
			children = (
				D4B9E41728C3DF240040BFE4 /* CategorySongsView.swift */,
				D48E336428C3F8E500C624A1 /* SongListView.swift */,
			);
			path = Details;
			sourceTree = "<group>";
		};
		D4C5EAEB28BE9DF50066D229 = {
			isa = PBXGroup;
			children = (
				D4C5EAF628BE9DF50066D229 /* NatureSounds */,
				D4C5EAF528BE9DF50066D229 /* Products */,
			);
			sourceTree = "<group>";
		};
		D4C5EAF528BE9DF50066D229 /* Products */ = {
			isa = PBXGroup;
			children = (
				D4C5EAF428BE9DF50066D229 /* NatureSounds.app */,
			);
			name = Products;
			sourceTree = "<group>";
		};
		D4C5EAF628BE9DF50066D229 /* NatureSounds */ = {
			isa = PBXGroup;
			children = (
				D4366E0D28C5355300FABCF7 /* Info.plist */,
				D4C5EB2B28C167B00066D229 /* Util */,
				D4C5EB2828C160E00066D229 /* Manager */,
				D4C5EB0D28C14ED90066D229 /* Extensions */,
				D4C5EB0C28C14ED50066D229 /* Constants */,
				D4C5EB0B28C14ECE0066D229 /* Views */,
				D4C5EB0828C14EB90066D229 /* ViewModel */,
				D4C5EB0728C14EB50066D229 /* Model */,
				D4C5EAF728BE9DF50066D229 /* NatureSoundsApp.swift */,
				D4C5EAF928BE9DF50066D229 /* ContentView.swift */,
				D4C5EB0528C14E870066D229 /* songs.json */,
				D4C5EAFB28BE9DF80066D229 /* Assets.xcassets */,
				D4C5EAFD28BE9DF80066D229 /* Preview Content */,
			);
			path = NatureSounds;
			sourceTree = "<group>";
		};
		D4C5EAFD28BE9DF80066D229 /* Preview Content */ = {
			isa = PBXGroup;
			children = (
				D4C5EAFE28BE9DF80066D229 /* Preview Assets.xcassets */,
			);
			path = "Preview Content";
			sourceTree = "<group>";
		};
		D4C5EB0728C14EB50066D229 /* Model */ = {
			isa = PBXGroup;
			children = (
				D4C5EB1628C152410066D229 /* Categories.swift */,
			);
			path = Model;
			sourceTree = "<group>";
		};
		D4C5EB0828C14EB90066D229 /* ViewModel */ = {
			isa = PBXGroup;
			children = (
				D4C5EB2628C160D10066D229 /* HomeViewModel.swift */,
				D48E336828C3FF1600C624A1 /* MusicPlayerViewModel.swift */,
			);
			path = ViewModel;
			sourceTree = "<group>";
		};
		D4C5EB0B28C14ECE0066D229 /* Views */ = {
			isa = PBXGroup;
			children = (
				D4B9E41528C3DEFD0040BFE4 /* Details */,
				D4B9E40E28C3D9200040BFE4 /* Favorites */,
				D4C5EB1028C14F0D0066D229 /* Home */,
			);
			path = Views;
			sourceTree = "<group>";
		};
		D4C5EB0C28C14ED50066D229 /* Constants */ = {
			isa = PBXGroup;
			children = (
				D4C5EB0E28C14EEB0066D229 /* Constants.swift */,
			);
			path = Constants;
			sourceTree = "<group>";
		};
		D4C5EB0D28C14ED90066D229 /* Extensions */ = {
			isa = PBXGroup;
			children = (
				D4B9E41128C3DE1A0040BFE4 /* CodableBundleExtension.swift */,
				D4B9E41328C3DEDC0040BFE4 /* Color+Extension.swift */,
				D4366E1028C551C600FABCF7 /* TimeInterval+Extension.swift */,
				D4FA5CFA28C807EE00421495 /* Date+Extension.swift */,
			);
			path = Extensions;
			sourceTree = "<group>";
		};
		D4C5EB1028C14F0D0066D229 /* Home */ = {
			isa = PBXGroup;
			children = (
				D4C5EB1228C14F450066D229 /* HomeView.swift */,
				D4C5EB1C28C1540D0066D229 /* MainTitleView.swift */,
				D4C5EB1E28C1554D0066D229 /* HeroImageView.swift */,
				D4C5EB2028C159310066D229 /* CategoryCard.swift */,
				D4C5EB2228C159780066D229 /* RadnomCardView.swift */,
				D4C5EB2428C15D290066D229 /* CategoriesListView.swift */,
				D4B9E41928C3E3620040BFE4 /* MusicPlayer.swift */,
				D4366E0E28C53DA000FABCF7 /* MusicProgressView.swift */,
				D4366E1628C56DA200FABCF7 /* LoadingView.swift */,
			);
			path = Home;
			sourceTree = "<group>";
		};
		D4C5EB2828C160E00066D229 /* Manager */ = {
			isa = PBXGroup;
			children = (
				D4366E1228C55C8400FABCF7 /* CacheManager.swift */,
				D4FA5CF628C7CD0C00421495 /* MusicDownloadManger.swift */,
			);
			path = Manager;
			sourceTree = "<group>";
		};
		D4C5EB2B28C167B00066D229 /* Util */ = {
			isa = PBXGroup;
			children = (
				D4C5EB2C28C167BB0066D229 /* Util.swift */,
			);
			path = Util;
			sourceTree = "<group>";
		};
/* End PBXGroup section */

/* Begin PBXNativeTarget section */
		D4C5EAF328BE9DF50066D229 /* NatureSounds */ = {
			isa = PBXNativeTarget;
			buildConfigurationList = D4C5EB0228BE9DF80066D229 /* Build configuration list for PBXNativeTarget "NatureSounds" */;
			buildPhases = (
				D4C5EAF028BE9DF50066D229 /* Sources */,
				D4C5EAF128BE9DF50066D229 /* Frameworks */,
				D4C5EAF228BE9DF50066D229 /* Resources */,
			);
			buildRules = (
			);
			dependencies = (
			);
			name = NatureSounds;
			productName = NatureSounds;
			productReference = D4C5EAF428BE9DF50066D229 /* NatureSounds.app */;
			productType = "com.apple.product-type.application";
		};
/* End PBXNativeTarget section */

/* Begin PBXProject section */
		D4C5EAEC28BE9DF50066D229 /* Project object */ = {
			isa = PBXProject;
			attributes = {
				BuildIndependentTargetsInParallel = 1;
				LastSwiftUpdateCheck = 1340;
				LastUpgradeCheck = 1340;
				TargetAttributes = {
					D4C5EAF328BE9DF50066D229 = {
						CreatedOnToolsVersion = 13.4.1;
					};
				};
			};
			buildConfigurationList = D4C5EAEF28BE9DF50066D229 /* Build configuration list for PBXProject "NatureSounds" */;
			compatibilityVersion = "Xcode 13.0";
			developmentRegion = en;
			hasScannedForEncodings = 0;
			knownRegions = (
				en,
				Base,
			);
			mainGroup = D4C5EAEB28BE9DF50066D229;
			productRefGroup = D4C5EAF528BE9DF50066D229 /* Products */;
			projectDirPath = "";
			projectRoot = "";
			targets = (
				D4C5EAF328BE9DF50066D229 /* NatureSounds */,
			);
		};
/* End PBXProject section */

/* Begin PBXResourcesBuildPhase section */
		D4C5EAF228BE9DF50066D229 /* Resources */ = {
			isa = PBXResourcesBuildPhase;
			buildActionMask = 2147483647;
			files = (
				D4C5EB0628C14E870066D229 /* songs.json in Resources */,
				D4C5EAFF28BE9DF80066D229 /* Preview Assets.xcassets in Resources */,
				D4C5EAFC28BE9DF80066D229 /* Assets.xcassets in Resources */,
			);
			runOnlyForDeploymentPostprocessing = 0;
		};
/* End PBXResourcesBuildPhase section */

/* Begin PBXSourcesBuildPhase section */
		D4C5EAF028BE9DF50066D229 /* Sources */ = {
			isa = PBXSourcesBuildPhase;
			buildActionMask = 2147483647;
			files = (
				D4FA5CFB28C807EE00421495 /* Date+Extension.swift in Sources */,
				D4C5EB1D28C1540D0066D229 /* MainTitleView.swift in Sources */,
				D4366E0F28C53DA000FABCF7 /* MusicProgressView.swift in Sources */,
				D4B9E41428C3DEDC0040BFE4 /* Color+Extension.swift in Sources */,
				D4C5EB2128C159310066D229 /* CategoryCard.swift in Sources */,
				D4366E1328C55C8400FABCF7 /* CacheManager.swift in Sources */,
				D4366E1728C56DA200FABCF7 /* LoadingView.swift in Sources */,
				D4C5EAFA28BE9DF50066D229 /* ContentView.swift in Sources */,
				D4C5EB1328C14F450066D229 /* HomeView.swift in Sources */,
				D4B9E41828C3DF240040BFE4 /* CategorySongsView.swift in Sources */,
				D4C5EAF828BE9DF50066D229 /* NatureSoundsApp.swift in Sources */,
				D4366E1128C551C600FABCF7 /* TimeInterval+Extension.swift in Sources */,
				D4B9E41A28C3E3620040BFE4 /* MusicPlayer.swift in Sources */,
				D4C5EB0F28C14EEB0066D229 /* Constants.swift in Sources */,
				D48E336528C3F8E500C624A1 /* SongListView.swift in Sources */,
				D4C5EB2D28C167BB0066D229 /* Util.swift in Sources */,
				D4C5EB2728C160D10066D229 /* HomeViewModel.swift in Sources */,
				D4C5EB1728C152410066D229 /* Categories.swift in Sources */,
				D4C5EB2528C15D290066D229 /* CategoriesListView.swift in Sources */,
				D4C5EB2328C159780066D229 /* RadnomCardView.swift in Sources */,
				D4C5EB1F28C1554D0066D229 /* HeroImageView.swift in Sources */,
				D4B9E41228C3DE1A0040BFE4 /* CodableBundleExtension.swift in Sources */,
				D4FA5CF728C7CD0C00421495 /* MusicDownloadManger.swift in Sources */,
				D4B9E41028C3D93F0040BFE4 /* Favorites.swift in Sources */,
				D48E336928C3FF1600C624A1 /* MusicPlayerViewModel.swift in Sources */,
			);
			runOnlyForDeploymentPostprocessing = 0;
		};
/* End PBXSourcesBuildPhase section */

/* Begin XCBuildConfiguration section */
		D4C5EB0028BE9DF80066D229 /* Debug */ = {
			isa = XCBuildConfiguration;
			buildSettings = {
				ALWAYS_SEARCH_USER_PATHS = NO;
				CLANG_ANALYZER_NONNULL = YES;
				CLANG_ANALYZER_NUMBER_OBJECT_CONVERSION = YES_AGGRESSIVE;
				CLANG_CXX_LANGUAGE_STANDARD = "gnu++17";
				CLANG_ENABLE_MODULES = YES;
				CLANG_ENABLE_OBJC_ARC = YES;
				CLANG_ENABLE_OBJC_WEAK = YES;
				CLANG_WARN_BLOCK_CAPTURE_AUTORELEASING = YES;
				CLANG_WARN_BOOL_CONVERSION = YES;
				CLANG_WARN_COMMA = YES;
				CLANG_WARN_CONSTANT_CONVERSION = YES;
				CLANG_WARN_DEPRECATED_OBJC_IMPLEMENTATIONS = YES;
				CLANG_WARN_DIRECT_OBJC_ISA_USAGE = YES_ERROR;
				CLANG_WARN_DOCUMENTATION_COMMENTS = YES;
				CLANG_WARN_EMPTY_BODY = YES;
				CLANG_WARN_ENUM_CONVERSION = YES;
				CLANG_WARN_INFINITE_RECURSION = YES;
				CLANG_WARN_INT_CONVERSION = YES;
				CLANG_WARN_NON_LITERAL_NULL_CONVERSION = YES;
				CLANG_WARN_OBJC_IMPLICIT_RETAIN_SELF = YES;
				CLANG_WARN_OBJC_LITERAL_CONVERSION = YES;
				CLANG_WARN_OBJC_ROOT_CLASS = YES_ERROR;
				CLANG_WARN_QUOTED_INCLUDE_IN_FRAMEWORK_HEADER = YES;
				CLANG_WARN_RANGE_LOOP_ANALYSIS = YES;
				CLANG_WARN_STRICT_PROTOTYPES = YES;
				CLANG_WARN_SUSPICIOUS_MOVE = YES;
				CLANG_WARN_UNGUARDED_AVAILABILITY = YES_AGGRESSIVE;
				CLANG_WARN_UNREACHABLE_CODE = YES;
				CLANG_WARN__DUPLICATE_METHOD_MATCH = YES;
				COPY_PHASE_STRIP = NO;
				DEBUG_INFORMATION_FORMAT = dwarf;
				ENABLE_STRICT_OBJC_MSGSEND = YES;
				ENABLE_TESTABILITY = YES;
				GCC_C_LANGUAGE_STANDARD = gnu11;
				GCC_DYNAMIC_NO_PIC = NO;
				GCC_NO_COMMON_BLOCKS = YES;
				GCC_OPTIMIZATION_LEVEL = 0;
				GCC_PREPROCESSOR_DEFINITIONS = (
					"DEBUG=1",
					"$(inherited)",
				);
				GCC_WARN_64_TO_32_BIT_CONVERSION = YES;
				GCC_WARN_ABOUT_RETURN_TYPE = YES_ERROR;
				GCC_WARN_UNDECLARED_SELECTOR = YES;
				GCC_WARN_UNINITIALIZED_AUTOS = YES_AGGRESSIVE;
				GCC_WARN_UNUSED_FUNCTION = YES;
				GCC_WARN_UNUSED_VARIABLE = YES;
				IPHONEOS_DEPLOYMENT_TARGET = 14.7;
				MTL_ENABLE_DEBUG_INFO = INCLUDE_SOURCE;
				MTL_FAST_MATH = YES;
				ONLY_ACTIVE_ARCH = YES;
				SDKROOT = iphoneos;
				SWIFT_ACTIVE_COMPILATION_CONDITIONS = DEBUG;
				SWIFT_OPTIMIZATION_LEVEL = "-Onone";
			};
			name = Debug;
		};
		D4C5EB0128BE9DF80066D229 /* Release */ = {
			isa = XCBuildConfiguration;
			buildSettings = {
				ALWAYS_SEARCH_USER_PATHS = NO;
				CLANG_ANALYZER_NONNULL = YES;
				CLANG_ANALYZER_NUMBER_OBJECT_CONVERSION = YES_AGGRESSIVE;
				CLANG_CXX_LANGUAGE_STANDARD = "gnu++17";
				CLANG_ENABLE_MODULES = YES;
				CLANG_ENABLE_OBJC_ARC = YES;
				CLANG_ENABLE_OBJC_WEAK = YES;
				CLANG_WARN_BLOCK_CAPTURE_AUTORELEASING = YES;
				CLANG_WARN_BOOL_CONVERSION = YES;
				CLANG_WARN_COMMA = YES;
				CLANG_WARN_CONSTANT_CONVERSION = YES;
				CLANG_WARN_DEPRECATED_OBJC_IMPLEMENTATIONS = YES;
				CLANG_WARN_DIRECT_OBJC_ISA_USAGE = YES_ERROR;
				CLANG_WARN_DOCUMENTATION_COMMENTS = YES;
				CLANG_WARN_EMPTY_BODY = YES;
				CLANG_WARN_ENUM_CONVERSION = YES;
				CLANG_WARN_INFINITE_RECURSION = YES;
				CLANG_WARN_INT_CONVERSION = YES;
				CLANG_WARN_NON_LITERAL_NULL_CONVERSION = YES;
				CLANG_WARN_OBJC_IMPLICIT_RETAIN_SELF = YES;
				CLANG_WARN_OBJC_LITERAL_CONVERSION = YES;
				CLANG_WARN_OBJC_ROOT_CLASS = YES_ERROR;
				CLANG_WARN_QUOTED_INCLUDE_IN_FRAMEWORK_HEADER = YES;
				CLANG_WARN_RANGE_LOOP_ANALYSIS = YES;
				CLANG_WARN_STRICT_PROTOTYPES = YES;
				CLANG_WARN_SUSPICIOUS_MOVE = YES;
				CLANG_WARN_UNGUARDED_AVAILABILITY = YES_AGGRESSIVE;
				CLANG_WARN_UNREACHABLE_CODE = YES;
				CLANG_WARN__DUPLICATE_METHOD_MATCH = YES;
				COPY_PHASE_STRIP = NO;
				DEBUG_INFORMATION_FORMAT = "dwarf-with-dsym";
				ENABLE_NS_ASSERTIONS = NO;
				ENABLE_STRICT_OBJC_MSGSEND = YES;
				GCC_C_LANGUAGE_STANDARD = gnu11;
				GCC_NO_COMMON_BLOCKS = YES;
				GCC_WARN_64_TO_32_BIT_CONVERSION = YES;
				GCC_WARN_ABOUT_RETURN_TYPE = YES_ERROR;
				GCC_WARN_UNDECLARED_SELECTOR = YES;
				GCC_WARN_UNINITIALIZED_AUTOS = YES_AGGRESSIVE;
				GCC_WARN_UNUSED_FUNCTION = YES;
				GCC_WARN_UNUSED_VARIABLE = YES;
				IPHONEOS_DEPLOYMENT_TARGET = 14.7;
				MTL_ENABLE_DEBUG_INFO = NO;
				MTL_FAST_MATH = YES;
				SDKROOT = iphoneos;
				SWIFT_COMPILATION_MODE = wholemodule;
				SWIFT_OPTIMIZATION_LEVEL = "-O";
				VALIDATE_PRODUCT = YES;
			};
			name = Release;
		};
		D4C5EB0328BE9DF80066D229 /* Debug */ = {
			isa = XCBuildConfiguration;
			buildSettings = {
				ASSETCATALOG_COMPILER_APPICON_NAME = AppIcon;
				ASSETCATALOG_COMPILER_GLOBAL_ACCENT_COLOR_NAME = AccentColor;
				CODE_SIGN_IDENTITY = "Apple Development";
				CODE_SIGN_STYLE = Automatic;
				CURRENT_PROJECT_VERSION = 1;
				DEVELOPMENT_ASSET_PATHS = "\"NatureSounds/Preview Content\"";
				DEVELOPMENT_TEAM = GB2N5D5KZF;
				ENABLE_PREVIEWS = YES;
				GENERATE_INFOPLIST_FILE = YES;
				INFOPLIST_FILE = NatureSounds/Info.plist;
				INFOPLIST_KEY_UIApplicationSceneManifest_Generation = YES;
				INFOPLIST_KEY_UIApplicationSupportsIndirectInputEvents = YES;
				INFOPLIST_KEY_UILaunchScreen_Generation = YES;
				INFOPLIST_KEY_UISupportedInterfaceOrientations_iPad = "UIInterfaceOrientationPortrait UIInterfaceOrientationPortraitUpsideDown UIInterfaceOrientationLandscapeLeft UIInterfaceOrientationLandscapeRight";
				INFOPLIST_KEY_UISupportedInterfaceOrientations_iPhone = "UIInterfaceOrientationPortrait UIInterfaceOrientationLandscapeLeft UIInterfaceOrientationLandscapeRight";
				IPHONEOS_DEPLOYMENT_TARGET = 14.7;
				LD_RUNPATH_SEARCH_PATHS = (
					"$(inherited)",
					"@executable_path/Frameworks",
				);
				MARKETING_VERSION = 1.0;
				PRODUCT_BUNDLE_IDENTIFIER = com.verma.raj.NatureSounds;
				PRODUCT_NAME = "$(TARGET_NAME)";
				PROVISIONING_PROFILE_SPECIFIER = "";
				SWIFT_EMIT_LOC_STRINGS = YES;
				SWIFT_VERSION = 5.0;
				TARGETED_DEVICE_FAMILY = 1;
			};
			name = Debug;
		};
		D4C5EB0428BE9DF80066D229 /* Release */ = {
			isa = XCBuildConfiguration;
			buildSettings = {
				ASSETCATALOG_COMPILER_APPICON_NAME = AppIcon;
				ASSETCATALOG_COMPILER_GLOBAL_ACCENT_COLOR_NAME = AccentColor;
				CODE_SIGN_IDENTITY = "Apple Development";
				CODE_SIGN_STYLE = Automatic;
				CURRENT_PROJECT_VERSION = 1;
				DEVELOPMENT_ASSET_PATHS = "\"NatureSounds/Preview Content\"";
				DEVELOPMENT_TEAM = GB2N5D5KZF;
				ENABLE_PREVIEWS = YES;
				GENERATE_INFOPLIST_FILE = YES;
				INFOPLIST_FILE = NatureSounds/Info.plist;
				INFOPLIST_KEY_UIApplicationSceneManifest_Generation = YES;
				INFOPLIST_KEY_UIApplicationSupportsIndirectInputEvents = YES;
				INFOPLIST_KEY_UILaunchScreen_Generation = YES;
				INFOPLIST_KEY_UISupportedInterfaceOrientations_iPad = "UIInterfaceOrientationPortrait UIInterfaceOrientationPortraitUpsideDown UIInterfaceOrientationLandscapeLeft UIInterfaceOrientationLandscapeRight";
				INFOPLIST_KEY_UISupportedInterfaceOrientations_iPhone = "UIInterfaceOrientationPortrait UIInterfaceOrientationLandscapeLeft UIInterfaceOrientationLandscapeRight";
				IPHONEOS_DEPLOYMENT_TARGET = 14.7;
				LD_RUNPATH_SEARCH_PATHS = (
					"$(inherited)",
					"@executable_path/Frameworks",
				);
				MARKETING_VERSION = 1.0;
				PRODUCT_BUNDLE_IDENTIFIER = com.verma.raj.NatureSounds;
				PRODUCT_NAME = "$(TARGET_NAME)";
				PROVISIONING_PROFILE_SPECIFIER = "";
				SWIFT_EMIT_LOC_STRINGS = YES;
				SWIFT_VERSION = 5.0;
				TARGETED_DEVICE_FAMILY = 1;
			};
			name = Release;
		};
/* End XCBuildConfiguration section */

/* Begin XCConfigurationList section */
		D4C5EAEF28BE9DF50066D229 /* Build configuration list for PBXProject "NatureSounds" */ = {
			isa = XCConfigurationList;
			buildConfigurations = (
				D4C5EB0028BE9DF80066D229 /* Debug */,
				D4C5EB0128BE9DF80066D229 /* Release */,
			);
			defaultConfigurationIsVisible = 0;
			defaultConfigurationName = Release;
		};
		D4C5EB0228BE9DF80066D229 /* Build configuration list for PBXNativeTarget "NatureSounds" */ = {
			isa = XCConfigurationList;
			buildConfigurations = (
				D4C5EB0328BE9DF80066D229 /* Debug */,
				D4C5EB0428BE9DF80066D229 /* Release */,
			);
			defaultConfigurationIsVisible = 0;
			defaultConfigurationName = Release;
		};
/* End XCConfigurationList section */
	};
	rootObject = D4C5EAEC28BE9DF50066D229 /* Project object */;
}
